schema: '2.0'
stages:
  slide_download:
    cmd: python ../utils/file_transfer.py --out-csv .downloaded_slides.csv --data-path
      '/data/anapath/AprioricsSlides' --ihc-type 'AE1AE3' --mapping-file '../../ihc_mapping.json'
      --mask-extension '.tif' --remote-path '/media/AprioricsSlides' --slide-extension
      '.svs' --seed 42 --clean-previous --add-tree --extension .svs --rel-path slides
      --remote-rel-path .
    outs:
    - path: .downloaded_slides.csv
      md5: 2a3cb2b8f2e1ab9497a6a8c2d653c678
      size: 71812
  generate_patch_csvs:
    cmd: python generate_patch_dataset.py --data-path '/data/anapath/AprioricsSlides'
      --ihc-type 'AE1AE3' --mapping-file '../../ihc_mapping.json' --mask-extension
      '.tif' --remote-path '/media/AprioricsSlides' --slide-extension '.svs' --seed
      42 --patch-size 256 --level 0 --overlap 0.1 --filter-pos 0 --overwrite --slidefolder
      /data/anapath/AprioricsSlides/slides --maskfolder /data/anapath/AprioricsSlides/masks
      --outfolder /data/anapath/AprioricsSlides/train
    deps:
    - path: .downloaded_slides.csv
      md5: 2a3cb2b8f2e1ab9497a6a8c2d653c678
      size: 71812
    - path: /data/anapath/AprioricsSlides/masks/AE1AE3
      md5: 8e5f2f60b7856059f8b9aaa704ad6d18.dir
      size: 502984407478
      nfiles: 488
    outs:
    - path: /data/anapath/AprioricsSlides/train/AE1AE3/256_0/patch_csvs
      md5: 520c7f6d3dc087356a758bc09b2b04eb.dir
      size: 1091864207
      nfiles: 488
  split_dataset:
    cmd: python split_dataset.py --maskfolder /data/anapath/AprioricsSlides/masks
      --out-csv /data/anapath/AprioricsSlides/train/AE1AE3/splits.csv --data-path
      '/data/anapath/AprioricsSlides' --ihc-type 'AE1AE3' --mapping-file '../../ihc_mapping.json'
      --mask-extension '.tif' --remote-path '/media/AprioricsSlides' --slide-extension
      '.svs' --seed 42 --nfolds 5 --test-ratio 0.1 --update --filename 'splits.csv'
    deps:
    - path: .downloaded_slides.csv
      md5: a9cd34b77800068fa1ad8eff1ce98fb9
      size: 134370
    - path: /data/anapath/AprioricsSlides/masks/AE1AE3
      md5: 8e5f2f60b7856059f8b9aaa704ad6d18.dir
      size: 502984407478
      nfiles: 488
    outs:
    - path: /data/anapath/AprioricsSlides/train/AE1AE3/splits.csv
      md5: f0b16a3689d99b3601fc1a6ade1effb4
      size: 6015
  train:
    cmd: python train_segmentation.py --hash_file .model_hash.yaml --data_path /data/anapath/AprioricsSlides
      --ihc_type AE1AE3 --mapping_file ../../ihc_mapping.json --mask_extension .tif
      --remote_path /media/AprioricsSlides --slide_extension .svs --seed 42 --patch_size
      256 --level 0 --gpu 0 --batch_size 32 --lr 0.0002 --wd 0.01 --epochs 1 --num_workers
      32 --scheduler one-cycle --model unet/resnet50 --loss bce --fold 0 --p_pos 0.8
      --data_step 1 --data_type segmentation --splitfile splits.csv --base_size 256
      --slidefolder /data/anapath/AprioricsSlides/slides --maskfolder /data/anapath/AprioricsSlides/masks
      --trainfolder /data/anapath/AprioricsSlides/train
    deps:
    - path: /data/anapath/AprioricsSlides/train/AE1AE3/256_0/patch_csvs
      md5: 520c7f6d3dc087356a758bc09b2b04eb.dir
      size: 1091864207
      nfiles: 488
    - path: /data/anapath/AprioricsSlides/train/AE1AE3/splits.csv
      md5: f0b16a3689d99b3601fc1a6ade1effb4
      size: 6015
    outs:
    - path: .model_hash.yaml
      md5: a92e4b39670918dbb1412d62e151fd55
      size: 38
    - path: /data/anapath/AprioricsSlides/train/logs
      md5: d780b3effb91eff908fb596eaf93f2c9.dir
      size: 26213936205
      nfiles: 40
  evaluate:
    cmd: python predict_export_geojsons.py --hash_file .model_hash.yaml --outfolder
      /data/anapath/AprioricsSlides/evaluate --slidefolder /data/anapath/AprioricsSlides/slides
      --maskfolder /data/anapath/AprioricsSlides/masks --trainfolder /data/anapath/AprioricsSlides/train
      --splitfile splits.csv --base_size 256 --data_path /data/anapath/AprioricsSlides
      --ihc_type AE1AE3 --mapping_file ../../ihc_mapping.json --mask_extension .tif
      --remote_path /media/AprioricsSlides --slide_extension .svs --seed 42 --patch_size
      256 --level 0 --gpu 0 --batch_size 32 --lr 0.0002 --wd 0.01 --epochs 1 --num_workers
      32 --scheduler one-cycle --model unet/resnet50 --loss bce --fold 0 --p_pos 0.8
      --data_step 1 --data_type segmentation --area_threshold 500 --test_fold test
    deps:
    - path: .model_hash.yaml
      md5: a92e4b39670918dbb1412d62e151fd55
      size: 38
    - path: /data/anapath/AprioricsSlides/train/logs
      md5: d780b3effb91eff908fb596eaf93f2c9.dir
      size: 26213936205
      nfiles: 40
    outs:
    - path: /data/anapath/AprioricsSlides/evaluate/AE1AE3/
      md5: 32697b9ad6496d6f036969604d5c463b.dir
      size: 15431961732
      nfiles: 276
  evaluate_upload:
    cmd: rsync -avu /data/anapath/AprioricsSlides/evaluate/AE1AE3/ /media/AprioricsSlides/evaluate/AE1AE3/
    deps:
    - path: /data/anapath/AprioricsSlides/evaluate/AE1AE3/
      md5: 32697b9ad6496d6f036969604d5c463b.dir
      size: 15431961732
      nfiles: 276
