schema: '2.0'
stages:
  slide_download:
    cmd: python ../utils/file_transfer.py --out-csv .downloaded_slides.csv --data-path
      '/data/anapath/AprioricsSlides' --ihc-type 'PHH3' --mapping-file '../../ihc_mapping.json'
      --mask-extension '.tif' --remote-path '/media/AprioricsSlides' --slide-extension
      '.svs' --seed 42 --clean-previous --extension .svs --rel-path slides --remote-rel-path
      .
    outs:
    - path: .downloaded_slides.csv
      md5: b22086e2f3720da570407aeff2b49b12
      size: 67649
  generate_patch_csvs:
    cmd: python generate_patch_dataset.py --data-path '/data/anapath/AprioricsSlides'
      --ihc-type 'PHH3' --mapping-file '../../ihc_mapping.json' --mask-extension '.npz'
      --remote-path '/media/AprioricsSlides' --slide-extension '.svs' --seed 42 --patch-size
      256 --level 0 --overlap 0.1 --filter-pos 0 --overwrite --slidefolder /data/anapath/AprioricsSlides/slides
      --maskfolder /data/anapath/AprioricsSlides/masks --outfolder /data/anapath/AprioricsSlides/train
    deps:
    - path: .downloaded_slides.csv
      md5: b22086e2f3720da570407aeff2b49b12
      size: 67649
    - path: /data/anapath/AprioricsSlides/masks/PHH3
      md5: db61f4928484cc28790423c53ffdf47d.dir
      size: 11763931
      nfiles: 485
    outs:
    - path: /data/anapath/AprioricsSlides/train/PHH3/256_0/patch_csvs
      md5: 48cb7b78f3691ec1585140259b73a3bb.dir
      size: 1149062937
      nfiles: 485
  split_dataset:
    cmd: python split_dataset.py --maskfolder /data/anapath/AprioricsSlides/masks
      --out-csv /data/anapath/AprioricsSlides/train/PHH3/splits.csv --data-path '/data/anapath/AprioricsSlides'
      --ihc-type 'PHH3' --mapping-file '../../ihc_mapping.json' --mask-extension '.npz'
      --remote-path '/media/AprioricsSlides' --slide-extension '.svs' --seed 42 --nfolds
      5 --test-ratio 0.1 --update --filename 'splits.csv'
    deps:
    - path: .downloaded_slides.csv
      md5: b22086e2f3720da570407aeff2b49b12
      size: 67649
    - path: /data/anapath/AprioricsSlides/masks/PHH3
      md5: db61f4928484cc28790423c53ffdf47d.dir
      size: 11763931
      nfiles: 485
    outs:
    - path: /data/anapath/AprioricsSlides/train/PHH3/splits.csv
      md5: c01938788372b60bab4e023a69c64067
      size: 5979
  train:
    cmd: python train_segmentation.py --hash_file .model_hash.yaml --data_path /data/anapath/AprioricsSlides
      --ihc_type PHH3 --mapping_file ../../ihc_mapping.json --mask_extension .npz
      --remote_path /media/AprioricsSlides --slide_extension .svs --seed 42 --patch_size
      256 --level 0 --gpu 1 --batch_size 32 --lr 0.0002 --wd 0.01 --epochs 20 --num_workers
      32 --scheduler one-cycle --model unet/resnet50 --loss bce --fold 0 --p_pos 0.6
      --data_step 1 --data_type segmentation_sparse --splitfile splits.csv --base_size
      256 --slidefolder /data/anapath/AprioricsSlides/slides --maskfolder /data/anapath/AprioricsSlides/masks
      --trainfolder /data/anapath/AprioricsSlides/train
    deps:
    - path: /data/anapath/AprioricsSlides/train/PHH3/256_0/patch_csvs
      md5: 48cb7b78f3691ec1585140259b73a3bb.dir
      size: 1149062937
      nfiles: 485
    - path: /data/anapath/AprioricsSlides/train/PHH3/splits.csv
      md5: c01938788372b60bab4e023a69c64067
      size: 5979
    outs:
    - path: .model_hash.yaml
      md5: 928a76251d144b437bec7224134077c4
      size: 38
    - path: /data/anapath/AprioricsSlides/train/logs
      md5: 02ecafca9d28311e5a68361a7fe3409e.dir
      size: 53686408137
      nfiles: 72
  evaluate:
    cmd: python predict_export_geojsons.py --hash_file .model_hash.yaml --outfolder
      /data/anapath/AprioricsSlides/evaluate --slidefolder /data/anapath/AprioricsSlides/slides
      --maskfolder /data/anapath/AprioricsSlides/masks --trainfolder /data/anapath/AprioricsSlides/train
      --splitfile splits.csv --base_size 256 --data_path /data/anapath/AprioricsSlides
      --ihc_type PHH3 --mapping_file ../../ihc_mapping.json --mask_extension .npz
      --remote_path /media/AprioricsSlides --slide_extension .svs --seed 42 --patch_size
      256 --level 0 --gpu 1 --batch_size 32 --lr 0.0002 --wd 0.01 --epochs 20 --num_workers
      32 --scheduler one-cycle --model unet/resnet50 --loss bce --fold 0 --p_pos 0.6
      --data_step 1 --data_type segmentation_sparse --area_threshold 50 --test_fold
      test --flood_mask
    deps:
    - path: .model_hash.yaml
      md5: 928a76251d144b437bec7224134077c4
      size: 38
    - path: /data/anapath/AprioricsSlides/train/logs
      md5: 02ecafca9d28311e5a68361a7fe3409e.dir
      size: 53686408137
      nfiles: 72
    outs:
    - path: /data/anapath/AprioricsSlides/evaluate/PHH3/
      md5: ee9d4348d5caa12f67a809c8b9361226.dir
      size: 2807424490
      nfiles: 1339
  evaluate_upload:
    cmd: rsync -avu /data/anapath/AprioricsSlides/evaluate/PHH3/ /media/AprioricsSlides/evaluate/PHH3/
    deps:
    - path: /data/anapath/AprioricsSlides/evaluate/PHH3/
      md5: ee9d4348d5caa12f67a809c8b9361226.dir
      size: 2807424490
      nfiles: 1339
